
Microsoft Visual Studio Solution File, Format Version 12.00
# Visual Studio Version 17
VisualStudioVersion = 17.11.35312.102
MinimumVisualStudioVersion = 10.0.40219.1
Project("{FAE04EC0-301F-11D3-BF4B-00C04F79EFBC}") = "SimpleApp", "SimpleApp\SimpleApp.csproj", "{45B326B1-DFF7-416A-874D-41B4D6C73E71}"
EndProject
Global
	GlobalSection(SolutionConfigurationPlatforms) = preSolution
		Debug|Any CPU = Debug|Any CPU
		Release|Any CPU = Release|Any CPU
	EndGlobalSection
	GlobalSection(ProjectConfigurationPlatforms) = postSolution
		{45B326B1-DFF7-416A-874D-41B4D6C73E71}.Debug|Any CPU.ActiveCfg = Debug|Any CPU
		{45B326B1-DFF7-416A-874D-41B4D6C73E71}.Debug|Any CPU.Build.0 = Debug|Any CPU
		{45B326B1-DFF7-416A-874D-41B4D6C73E71}.Release|Any CPU.ActiveCfg = Release|Any CPU
		{45B326B1-DFF7-416A-874D-41B4D6C73E71}.Release|Any CPU.Build.0 = Release|Any CPU
	EndGlobalSection
	GlobalSection(SolutionProperties) = preSolution
		HideSolutionNode = FALSE
	EndGlobalSection
	GlobalSection(ExtensibilityGlobals) = postSolution
		SolutionGuid = {B28F9185-947B-4379-A675-0DD97F14E584}
	EndGlobalSection
EndGlobal
